
Microsoft Visual Studio Solution File, Format Version 12.00
# Visual Studio 15
VisualStudioVersion = 15.0.26730.12
MinimumVisualStudioVersion = 10.0.40219.1
Project("{FAE04EC0-301F-11D3-BF4B-00C04F79EFBC}") = "OddFilter", "OddFilter\OddFilter.csproj", "{C7F956B9-89A8-46DC-B217-A787A6A095FB}"
EndProject
Global
	GlobalSection(SolutionConfigurationPlatforms) = preSolution
		Debug|Any CPU = Debug|Any CPU
		Release|Any CPU = Release|Any CPU
	EndGlobalSection
	GlobalSection(ProjectConfigurationPlatforms) = postSolution
		{C7F956B9-89A8-46DC-B217-A787A6A095FB}.Debug|Any CPU.ActiveCfg = Debug|Any CPU
		{C7F956B9-89A8-46DC-B217-A787A6A095FB}.Debug|Any CPU.Build.0 = Debug|Any CPU
		{C7F956B9-89A8-46DC-B217-A787A6A095FB}.Release|Any CPU.ActiveCfg = Release|Any CPU
		{C7F956B9-89A8-46DC-B217-A787A6A095FB}.Release|Any CPU.Build.0 = Release|Any CPU
	EndGlobalSection
	GlobalSection(SolutionProperties) = preSolution
		HideSolutionNode = FALSE
	EndGlobalSection
	GlobalSection(ExtensibilityGlobals) = postSolution
		SolutionGuid = {D9A44124-79E9-40A8-B17A-C44BC9958ABC}
	EndGlobalSection
EndGlobal
